
Microsoft Visual Studio Solution File, Format Version 12.00
Project("{FAE04EC0-301F-11D3-BF4B-00C04F79EFBC}") = "Turboapi-auth", "Turboapi-auth\Turboapi-auth.csproj", "{3AA6D570-6A96-4E9B-8B9F-5690F23F5B40}"
EndProject
Project("{FAE04EC0-301F-11D3-BF4B-00C04F79EFBC}") = "Turbo.Messaging.Abstractions", "src\Shared\Turbo.Messaging.Abstractions\Turbo.Messaging.Abstractions.csproj", "{C2A22A02-0001-4A0E-B0AC-0E1A7E1A0010}"
EndProject
Project("{FAE04EC0-301F-11D3-BF4B-00C04F79EFBC}") = "Turbo.Outbox.Abstractions", "src\Shared\Turbo.Outbox.Abstractions\Turbo.Outbox.Abstractions.csproj", "{C2A22A02-0002-4A0E-B0AC-0E1A7E1A0011}"
EndProject
Project("{FAE04EC0-301F-11D3-BF4B-00C04F79EFBC}") = "Turbo.Outbox.Postgres", "src\Shared\Turbo.Outbox.Postgres\Turbo.Outbox.Postgres.csproj", "{C2A22A02-0003-4A0E-B0AC-0E1A7E1A0012}"
EndProject
Project("{FAE04EC0-301F-11D3-BF4B-00C04F79EFBC}") = "Turbo.Messaging.Nats", "src\Shared\Turbo.Messaging.Nats\Turbo.Messaging.Nats.csproj", "{C2A22A02-0004-4A0E-B0AC-0E1A7E1A0013}"
EndProject
Project("{FAE04EC0-301F-11D3-BF4B-00C04F79EFBC}") = "Turbo.Messaging.InProcess", "src\Shared\Turbo.Messaging.InProcess\Turbo.Messaging.InProcess.csproj", "{C2A22A02-0005-4A0E-B0AC-0E1A7E1A0014}"
EndProject
Project("{FAE04EC0-301F-11D3-BF4B-00C04F79EFBC}") = "Turbo.Host.Modulith", "hosts\Turbo.Host.Modulith\Turbo.Host.Modulith.csproj", "{C2A22A02-0006-4A0E-B0AC-0E1A7E1A0015}"
EndProject
Project("{FAE04EC0-301F-11D3-BF4B-00C04F79EFBC}") = "Turbo.Modulith.Behaviour", "tests\Turbo.Modulith.Behaviour\Turbo.Modulith.Behaviour.csproj", "{C2A22A02-0007-4A0E-B0AC-0E1A7E1A0016}"
EndProject
Project("{FAE04EC0-301F-11D3-BF4B-00C04F79EFBC}") = "Turbo.Architecture", "tests\Turbo.Architecture\Turbo.Architecture.csproj", "{C2A22A02-0008-4A0E-B0AC-0E1A7E1A0017}"
EndProject
Project("{FAE04EC0-301F-11D3-BF4B-00C04F79EFBC}") = "Turbo.Host.Activity", "hosts\Turbo.Host.Activity\Turbo.Host.Activity.csproj", "{C2A22A02-0009-4A0E-B0AC-0E1A7E1A0018}"
EndProject
Project("{FAE04EC0-301F-11D3-BF4B-00C04F79EFBC}") = "Turbo.Host.Geo", "hosts\Turbo.Host.Geo\Turbo.Host.Geo.csproj", "{C2A22A02-000A-4A0E-B0AC-0E1A7E1A0019}"
EndProject
Project("{FAE04EC0-301F-11D3-BF4B-00C04F79EFBC}") = "Turbo.Host.Auth", "hosts\Turbo.Host.Auth\Turbo.Host.Auth.csproj", "{C2A22A02-000B-4A0E-B0AC-0E1A7E1A001A}"
EndProject
Project("{FAE04EC0-301F-11D3-BF4B-00C04F79EFBC}") = "Turbo.Microservices.Behaviour", "tests\Turbo.Microservices.Behaviour\Turbo.Microservices.Behaviour.csproj", "{C2A22A02-000C-4A0E-B0AC-0E1A7E1A001B}"
EndProject
Project("{FAE04EC0-301F-11D3-BF4B-00C04F79EFBC}") = "Turbo.Behaviour.Testing", "tests\Turbo.Behaviour.Testing\Turbo.Behaviour.Testing.csproj", "{C2A22A02-000D-4A0E-B0AC-0E1A7E1A001C}"
EndProject
Project("{2150E333-8FDC-42A3-9474-1A3956D46DE8}") = "Solution Items", "Solution Items", "{0F2A4886-38D7-415C-B877-27D4370D59E1}"
	ProjectSection(SolutionItems) = preProject
		compose.yaml = compose.yaml
		compose.monitoring.yaml = compose.monitoring.yaml
	EndProjectSection
EndProject
Project("{FAE04EC0-301F-11D3-BF4B-00C04F79EFBC}") = "Turboapi-geo", "Turboapi-geo\Turboapi-geo.csproj", "{816F75C5-73CC-4045-A4EF-00D55A3C8C11}"
EndProject
Project("{FAE04EC0-301F-11D3-BF4B-00C04F79EFBC}") = "Turbo-pg-data", "Turbo-pg-data\Turbo-pg-data.csproj", "{95224B46-AFB4-4647-B39A-68C8F16C0BBB}"
EndProject
Project("{FAE04EC0-301F-11D3-BF4B-00C04F79EFBC}") = "Turboapi-gateway", "Turboapi-gateway\Turboapi-gateway.csproj", "{05E8D704-969D-440C-8F9B-52A527D0ED04}"
EndProject
Project("{FAE04EC0-301F-11D3-BF4B-00C04F79EFBC}") = "TurboAuthentication", "TurboAuthentication\TurboAuthentication.csproj", "{9D4A6F38-AC6D-4CAA-8ADC-4142D8BB1868}"
EndProject
Project("{FAE04EC0-301F-11D3-BF4B-00C04F79EFBC}") = "Turbo.Activity.Behaviour", "tests\Turbo.Activity.Behaviour\Turbo.Activity.Behaviour.csproj", "{B1A11A01-0001-4A0E-B0AC-0E1A7E1A0001}"
EndProject
Project("{FAE04EC0-301F-11D3-BF4B-00C04F79EFBC}") = "Turbo.Auth.Behaviour", "tests\Turbo.Auth.Behaviour\Turbo.Auth.Behaviour.csproj", "{B1A11A01-0002-4A0E-B0AC-0E1A7E1A0002}"
EndProject
Project("{FAE04EC0-301F-11D3-BF4B-00C04F79EFBC}") = "Turbo.Geo.Behaviour", "tests\Turbo.Geo.Behaviour\Turbo.Geo.Behaviour.csproj", "{B1A11A01-0003-4A0E-B0AC-0E1A7E1A0003}"
EndProject
Project("{2150E333-8FDC-42A3-9474-1A3956D46DE8}") = "tests", "tests", "{0AB3BF05-4346-4AA6-1389-037BE0695223}"
EndProject
Project("{FAE04EC0-301F-11D3-BF4B-00C04F79EFBC}") = "Turbo.Gateway.Behaviour", "tests\Turbo.Gateway.Behaviour\Turbo.Gateway.Behaviour.csproj", "{4C7B4EE6-E602-48FC-9B52-376520BB7C19}"
EndProject
Project("{2150E333-8FDC-42A3-9474-1A3956D46DE8}") = "src", "src", "{827E0CD3-B72D-47B6-A68D-7590B98EB39B}"
EndProject
Project("{2150E333-8FDC-42A3-9474-1A3956D46DE8}") = "Activity", "Activity", "{2ECFDF4D-D2A0-78FA-9181-6199339A7BD6}"
EndProject
Project("{FAE04EC0-301F-11D3-BF4B-00C04F79EFBC}") = "Turbo.Activity.Contracts", "src\Activity\Turbo.Activity.Contracts\Turbo.Activity.Contracts.csproj", "{2340C989-06AE-483C-ABC3-DA5D08F662A0}"
EndProject
Project("{2150E333-8FDC-42A3-9474-1A3956D46DE8}") = "Shared", "Shared", "{C8E42992-5E42-0C2B-DBFE-AA848D06431C}"
EndProject
Project("{FAE04EC0-301F-11D3-BF4B-00C04F79EFBC}") = "Turbo.Activity.Core", "src\Activity\Turbo.Activity.Core\Turbo.Activity.Core.csproj", "{CD2C7939-F8B4-41D7-B8AC-D6D4CF1FA568}"
EndProject
Project("{FAE04EC0-301F-11D3-BF4B-00C04F79EFBC}") = "Turbo.Activity.Infrastructure", "src\Activity\Turbo.Activity.Infrastructure\Turbo.Activity.Infrastructure.csproj", "{B33AA237-ACC8-460A-919D-F468450B0B3D}"
EndProject
Project("{FAE04EC0-301F-11D3-BF4B-00C04F79EFBC}") = "Turbo.Activity.Api", "src\Activity\Turbo.Activity.Api\Turbo.Activity.Api.csproj", "{FAEA76C8-F03F-4519-9FD8-39E3A94D15FF}"
EndProject
Global
	GlobalSection(SolutionConfigurationPlatforms) = preSolution
		Debug|Any CPU = Debug|Any CPU
		Debug|x64 = Debug|x64
		Debug|x86 = Debug|x86
		Release|Any CPU = Release|Any CPU
		Release|x64 = Release|x64
		Release|x86 = Release|x86
	EndGlobalSection
	GlobalSection(ProjectConfigurationPlatforms) = postSolution
		{3AA6D570-6A96-4E9B-8B9F-5690F23F5B40}.Debug|Any CPU.ActiveCfg = Debug|Any CPU
		{3AA6D570-6A96-4E9B-8B9F-5690F23F5B40}.Debug|Any CPU.Build.0 = Debug|Any CPU
		{3AA6D570-6A96-4E9B-8B9F-5690F23F5B40}.Debug|x64.ActiveCfg = Debug|Any CPU
		{3AA6D570-6A96-4E9B-8B9F-5690F23F5B40}.Debug|x64.Build.0 = Debug|Any CPU
		{3AA6D570-6A96-4E9B-8B9F-5690F23F5B40}.Debug|x86.ActiveCfg = Debug|Any CPU
		{3AA6D570-6A96-4E9B-8B9F-5690F23F5B40}.Debug|x86.Build.0 = Debug|Any CPU
		{3AA6D570-6A96-4E9B-8B9F-5690F23F5B40}.Release|Any CPU.ActiveCfg = Release|Any CPU
		{3AA6D570-6A96-4E9B-8B9F-5690F23F5B40}.Release|Any CPU.Build.0 = Release|Any CPU
		{3AA6D570-6A96-4E9B-8B9F-5690F23F5B40}.Release|x64.ActiveCfg = Release|Any CPU
		{3AA6D570-6A96-4E9B-8B9F-5690F23F5B40}.Release|x64.Build.0 = Release|Any CPU
		{3AA6D570-6A96-4E9B-8B9F-5690F23F5B40}.Release|x86.ActiveCfg = Release|Any CPU
		{3AA6D570-6A96-4E9B-8B9F-5690F23F5B40}.Release|x86.Build.0 = Release|Any CPU
		{C2A22A02-0001-4A0E-B0AC-0E1A7E1A0010}.Debug|Any CPU.ActiveCfg = Debug|Any CPU
		{C2A22A02-0001-4A0E-B0AC-0E1A7E1A0010}.Debug|Any CPU.Build.0 = Debug|Any CPU
		{C2A22A02-0001-4A0E-B0AC-0E1A7E1A0010}.Debug|x64.ActiveCfg = Debug|Any CPU
		{C2A22A02-0001-4A0E-B0AC-0E1A7E1A0010}.Debug|x64.Build.0 = Debug|Any CPU
		{C2A22A02-0001-4A0E-B0AC-0E1A7E1A0010}.Debug|x86.ActiveCfg = Debug|Any CPU
		{C2A22A02-0001-4A0E-B0AC-0E1A7E1A0010}.Debug|x86.Build.0 = Debug|Any CPU
		{C2A22A02-0001-4A0E-B0AC-0E1A7E1A0010}.Release|Any CPU.ActiveCfg = Release|Any CPU
		{C2A22A02-0001-4A0E-B0AC-0E1A7E1A0010}.Release|Any CPU.Build.0 = Release|Any CPU
		{C2A22A02-0001-4A0E-B0AC-0E1A7E1A0010}.Release|x64.ActiveCfg = Release|Any CPU
		{C2A22A02-0001-4A0E-B0AC-0E1A7E1A0010}.Release|x64.Build.0 = Release|Any CPU
		{C2A22A02-0001-4A0E-B0AC-0E1A7E1A0010}.Release|x86.ActiveCfg = Release|Any CPU
		{C2A22A02-0001-4A0E-B0AC-0E1A7E1A0010}.Release|x86.Build.0 = Release|Any CPU
		{C2A22A02-0002-4A0E-B0AC-0E1A7E1A0011}.Debug|Any CPU.ActiveCfg = Debug|Any CPU
		{C2A22A02-0002-4A0E-B0AC-0E1A7E1A0011}.Debug|Any CPU.Build.0 = Debug|Any CPU
		{C2A22A02-0002-4A0E-B0AC-0E1A7E1A0011}.Debug|x64.ActiveCfg = Debug|Any CPU
		{C2A22A02-0002-4A0E-B0AC-0E1A7E1A0011}.Debug|x64.Build.0 = Debug|Any CPU
		{C2A22A02-0002-4A0E-B0AC-0E1A7E1A0011}.Debug|x86.ActiveCfg = Debug|Any CPU
		{C2A22A02-0002-4A0E-B0AC-0E1A7E1A0011}.Debug|x86.Build.0 = Debug|Any CPU
		{C2A22A02-0002-4A0E-B0AC-0E1A7E1A0011}.Release|Any CPU.ActiveCfg = Release|Any CPU
		{C2A22A02-0002-4A0E-B0AC-0E1A7E1A0011}.Release|Any CPU.Build.0 = Release|Any CPU
		{C2A22A02-0002-4A0E-B0AC-0E1A7E1A0011}.Release|x64.ActiveCfg = Release|Any CPU
		{C2A22A02-0002-4A0E-B0AC-0E1A7E1A0011}.Release|x64.Build.0 = Release|Any CPU
		{C2A22A02-0002-4A0E-B0AC-0E1A7E1A0011}.Release|x86.ActiveCfg = Release|Any CPU
		{C2A22A02-0002-4A0E-B0AC-0E1A7E1A0011}.Release|x86.Build.0 = Release|Any CPU
		{C2A22A02-0003-4A0E-B0AC-0E1A7E1A0012}.Debug|Any CPU.ActiveCfg = Debug|Any CPU
		{C2A22A02-0003-4A0E-B0AC-0E1A7E1A0012}.Debug|Any CPU.Build.0 = Debug|Any CPU
		{C2A22A02-0003-4A0E-B0AC-0E1A7E1A0012}.Debug|x64.ActiveCfg = Debug|Any CPU
		{C2A22A02-0003-4A0E-B0AC-0E1A7E1A0012}.Debug|x64.Build.0 = Debug|Any CPU
		{C2A22A02-0003-4A0E-B0AC-0E1A7E1A0012}.Debug|x86.ActiveCfg = Debug|Any CPU
		{C2A22A02-0003-4A0E-B0AC-0E1A7E1A0012}.Debug|x86.Build.0 = Debug|Any CPU
		{C2A22A02-0003-4A0E-B0AC-0E1A7E1A0012}.Release|Any CPU.ActiveCfg = Release|Any CPU
		{C2A22A02-0003-4A0E-B0AC-0E1A7E1A0012}.Release|Any CPU.Build.0 = Release|Any CPU
		{C2A22A02-0003-4A0E-B0AC-0E1A7E1A0012}.Release|x64.ActiveCfg = Release|Any CPU
		{C2A22A02-0003-4A0E-B0AC-0E1A7E1A0012}.Release|x64.Build.0 = Release|Any CPU
		{C2A22A02-0003-4A0E-B0AC-0E1A7E1A0012}.Release|x86.ActiveCfg = Release|Any CPU
		{C2A22A02-0003-4A0E-B0AC-0E1A7E1A0012}.Release|x86.Build.0 = Release|Any CPU
		{C2A22A02-0004-4A0E-B0AC-0E1A7E1A0013}.Debug|Any CPU.ActiveCfg = Debug|Any CPU
		{C2A22A02-0004-4A0E-B0AC-0E1A7E1A0013}.Debug|Any CPU.Build.0 = Debug|Any CPU
		{C2A22A02-0004-4A0E-B0AC-0E1A7E1A0013}.Debug|x64.ActiveCfg = Debug|Any CPU
		{C2A22A02-0004-4A0E-B0AC-0E1A7E1A0013}.Debug|x64.Build.0 = Debug|Any CPU
		{C2A22A02-0004-4A0E-B0AC-0E1A7E1A0013}.Debug|x86.ActiveCfg = Debug|Any CPU
		{C2A22A02-0004-4A0E-B0AC-0E1A7E1A0013}.Debug|x86.Build.0 = Debug|Any CPU
		{C2A22A02-0004-4A0E-B0AC-0E1A7E1A0013}.Release|Any CPU.ActiveCfg = Release|Any CPU
		{C2A22A02-0004-4A0E-B0AC-0E1A7E1A0013}.Release|Any CPU.Build.0 = Release|Any CPU
		{C2A22A02-0004-4A0E-B0AC-0E1A7E1A0013}.Release|x64.ActiveCfg = Release|Any CPU
		{C2A22A02-0004-4A0E-B0AC-0E1A7E1A0013}.Release|x64.Build.0 = Release|Any CPU
		{C2A22A02-0004-4A0E-B0AC-0E1A7E1A0013}.Release|x86.ActiveCfg = Release|Any CPU
		{C2A22A02-0004-4A0E-B0AC-0E1A7E1A0013}.Release|x86.Build.0 = Release|Any CPU
		{C2A22A02-0005-4A0E-B0AC-0E1A7E1A0014}.Debug|Any CPU.ActiveCfg = Debug|Any CPU
		{C2A22A02-0005-4A0E-B0AC-0E1A7E1A0014}.Debug|Any CPU.Build.0 = Debug|Any CPU
		{C2A22A02-0005-4A0E-B0AC-0E1A7E1A0014}.Debug|x64.ActiveCfg = Debug|Any CPU
		{C2A22A02-0005-4A0E-B0AC-0E1A7E1A0014}.Debug|x64.Build.0 = Debug|Any CPU
		{C2A22A02-0005-4A0E-B0AC-0E1A7E1A0014}.Debug|x86.ActiveCfg = Debug|Any CPU
		{C2A22A02-0005-4A0E-B0AC-0E1A7E1A0014}.Debug|x86.Build.0 = Debug|Any CPU
		{C2A22A02-0005-4A0E-B0AC-0E1A7E1A0014}.Release|Any CPU.ActiveCfg = Release|Any CPU
		{C2A22A02-0005-4A0E-B0AC-0E1A7E1A0014}.Release|Any CPU.Build.0 = Release|Any CPU
		{C2A22A02-0005-4A0E-B0AC-0E1A7E1A0014}.Release|x64.ActiveCfg = Release|Any CPU
		{C2A22A02-0005-4A0E-B0AC-0E1A7E1A0014}.Release|x64.Build.0 = Release|Any CPU
		{C2A22A02-0005-4A0E-B0AC-0E1A7E1A0014}.Release|x86.ActiveCfg = Release|Any CPU
		{C2A22A02-0005-4A0E-B0AC-0E1A7E1A0014}.Release|x86.Build.0 = Release|Any CPU
		{C2A22A02-0006-4A0E-B0AC-0E1A7E1A0015}.Debug|Any CPU.ActiveCfg = Debug|Any CPU
		{C2A22A02-0006-4A0E-B0AC-0E1A7E1A0015}.Debug|Any CPU.Build.0 = Debug|Any CPU
		{C2A22A02-0006-4A0E-B0AC-0E1A7E1A0015}.Debug|x64.ActiveCfg = Debug|Any CPU
		{C2A22A02-0006-4A0E-B0AC-0E1A7E1A0015}.Debug|x64.Build.0 = Debug|Any CPU
		{C2A22A02-0006-4A0E-B0AC-0E1A7E1A0015}.Debug|x86.ActiveCfg = Debug|Any CPU
		{C2A22A02-0006-4A0E-B0AC-0E1A7E1A0015}.Debug|x86.Build.0 = Debug|Any CPU
		{C2A22A02-0006-4A0E-B0AC-0E1A7E1A0015}.Release|Any CPU.ActiveCfg = Release|Any CPU
		{C2A22A02-0006-4A0E-B0AC-0E1A7E1A0015}.Release|Any CPU.Build.0 = Release|Any CPU
		{C2A22A02-0006-4A0E-B0AC-0E1A7E1A0015}.Release|x64.ActiveCfg = Release|Any CPU
		{C2A22A02-0006-4A0E-B0AC-0E1A7E1A0015}.Release|x64.Build.0 = Release|Any CPU
		{C2A22A02-0006-4A0E-B0AC-0E1A7E1A0015}.Release|x86.ActiveCfg = Release|Any CPU
		{C2A22A02-0006-4A0E-B0AC-0E1A7E1A0015}.Release|x86.Build.0 = Release|Any CPU
		{C2A22A02-0007-4A0E-B0AC-0E1A7E1A0016}.Debug|Any CPU.ActiveCfg = Debug|Any CPU
		{C2A22A02-0007-4A0E-B0AC-0E1A7E1A0016}.Debug|Any CPU.Build.0 = Debug|Any CPU
		{C2A22A02-0007-4A0E-B0AC-0E1A7E1A0016}.Debug|x64.ActiveCfg = Debug|Any CPU
		{C2A22A02-0007-4A0E-B0AC-0E1A7E1A0016}.Debug|x64.Build.0 = Debug|Any CPU
		{C2A22A02-0007-4A0E-B0AC-0E1A7E1A0016}.Debug|x86.ActiveCfg = Debug|Any CPU
		{C2A22A02-0007-4A0E-B0AC-0E1A7E1A0016}.Debug|x86.Build.0 = Debug|Any CPU
		{C2A22A02-0007-4A0E-B0AC-0E1A7E1A0016}.Release|Any CPU.ActiveCfg = Release|Any CPU
		{C2A22A02-0007-4A0E-B0AC-0E1A7E1A0016}.Release|Any CPU.Build.0 = Release|Any CPU
		{C2A22A02-0007-4A0E-B0AC-0E1A7E1A0016}.Release|x64.ActiveCfg = Release|Any CPU
		{C2A22A02-0007-4A0E-B0AC-0E1A7E1A0016}.Release|x64.Build.0 = Release|Any CPU
		{C2A22A02-0007-4A0E-B0AC-0E1A7E1A0016}.Release|x86.ActiveCfg = Release|Any CPU
		{C2A22A02-0007-4A0E-B0AC-0E1A7E1A0016}.Release|x86.Build.0 = Release|Any CPU
		{C2A22A02-0008-4A0E-B0AC-0E1A7E1A0017}.Debug|Any CPU.ActiveCfg = Debug|Any CPU
		{C2A22A02-0008-4A0E-B0AC-0E1A7E1A0017}.Debug|Any CPU.Build.0 = Debug|Any CPU
		{C2A22A02-0008-4A0E-B0AC-0E1A7E1A0017}.Debug|x64.ActiveCfg = Debug|Any CPU
		{C2A22A02-0008-4A0E-B0AC-0E1A7E1A0017}.Debug|x64.Build.0 = Debug|Any CPU
		{C2A22A02-0008-4A0E-B0AC-0E1A7E1A0017}.Debug|x86.ActiveCfg = Debug|Any CPU
		{C2A22A02-0008-4A0E-B0AC-0E1A7E1A0017}.Debug|x86.Build.0 = Debug|Any CPU
		{C2A22A02-0008-4A0E-B0AC-0E1A7E1A0017}.Release|Any CPU.ActiveCfg = Release|Any CPU
		{C2A22A02-0008-4A0E-B0AC-0E1A7E1A0017}.Release|Any CPU.Build.0 = Release|Any CPU
		{C2A22A02-0008-4A0E-B0AC-0E1A7E1A0017}.Release|x64.ActiveCfg = Release|Any CPU
		{C2A22A02-0008-4A0E-B0AC-0E1A7E1A0017}.Release|x64.Build.0 = Release|Any CPU
		{C2A22A02-0008-4A0E-B0AC-0E1A7E1A0017}.Release|x86.ActiveCfg = Release|Any CPU
		{C2A22A02-0008-4A0E-B0AC-0E1A7E1A0017}.Release|x86.Build.0 = Release|Any CPU
		{C2A22A02-0009-4A0E-B0AC-0E1A7E1A0018}.Debug|Any CPU.ActiveCfg = Debug|Any CPU
		{C2A22A02-0009-4A0E-B0AC-0E1A7E1A0018}.Debug|Any CPU.Build.0 = Debug|Any CPU
		{C2A22A02-0009-4A0E-B0AC-0E1A7E1A0018}.Debug|x64.ActiveCfg = Debug|Any CPU
		{C2A22A02-0009-4A0E-B0AC-0E1A7E1A0018}.Debug|x64.Build.0 = Debug|Any CPU
		{C2A22A02-0009-4A0E-B0AC-0E1A7E1A0018}.Debug|x86.ActiveCfg = Debug|Any CPU
		{C2A22A02-0009-4A0E-B0AC-0E1A7E1A0018}.Debug|x86.Build.0 = Debug|Any CPU
		{C2A22A02-0009-4A0E-B0AC-0E1A7E1A0018}.Release|Any CPU.ActiveCfg = Release|Any CPU
		{C2A22A02-0009-4A0E-B0AC-0E1A7E1A0018}.Release|Any CPU.Build.0 = Release|Any CPU
		{C2A22A02-0009-4A0E-B0AC-0E1A7E1A0018}.Release|x64.ActiveCfg = Release|Any CPU
		{C2A22A02-0009-4A0E-B0AC-0E1A7E1A0018}.Release|x64.Build.0 = Release|Any CPU
		{C2A22A02-0009-4A0E-B0AC-0E1A7E1A0018}.Release|x86.ActiveCfg = Release|Any CPU
		{C2A22A02-0009-4A0E-B0AC-0E1A7E1A0018}.Release|x86.Build.0 = Release|Any CPU
		{C2A22A02-000A-4A0E-B0AC-0E1A7E1A0019}.Debug|Any CPU.ActiveCfg = Debug|Any CPU
		{C2A22A02-000A-4A0E-B0AC-0E1A7E1A0019}.Debug|Any CPU.Build.0 = Debug|Any CPU
		{C2A22A02-000A-4A0E-B0AC-0E1A7E1A0019}.Debug|x64.ActiveCfg = Debug|Any CPU
		{C2A22A02-000A-4A0E-B0AC-0E1A7E1A0019}.Debug|x64.Build.0 = Debug|Any CPU
		{C2A22A02-000A-4A0E-B0AC-0E1A7E1A0019}.Debug|x86.ActiveCfg = Debug|Any CPU
		{C2A22A02-000A-4A0E-B0AC-0E1A7E1A0019}.Debug|x86.Build.0 = Debug|Any CPU
		{C2A22A02-000A-4A0E-B0AC-0E1A7E1A0019}.Release|Any CPU.ActiveCfg = Release|Any CPU
		{C2A22A02-000A-4A0E-B0AC-0E1A7E1A0019}.Release|Any CPU.Build.0 = Release|Any CPU
		{C2A22A02-000A-4A0E-B0AC-0E1A7E1A0019}.Release|x64.ActiveCfg = Release|Any CPU
		{C2A22A02-000A-4A0E-B0AC-0E1A7E1A0019}.Release|x64.Build.0 = Release|Any CPU
		{C2A22A02-000A-4A0E-B0AC-0E1A7E1A0019}.Release|x86.ActiveCfg = Release|Any CPU
		{C2A22A02-000A-4A0E-B0AC-0E1A7E1A0019}.Release|x86.Build.0 = Release|Any CPU
		{C2A22A02-000B-4A0E-B0AC-0E1A7E1A001A}.Debug|Any CPU.ActiveCfg = Debug|Any CPU
		{C2A22A02-000B-4A0E-B0AC-0E1A7E1A001A}.Debug|Any CPU.Build.0 = Debug|Any CPU
		{C2A22A02-000B-4A0E-B0AC-0E1A7E1A001A}.Debug|x64.ActiveCfg = Debug|Any CPU
		{C2A22A02-000B-4A0E-B0AC-0E1A7E1A001A}.Debug|x64.Build.0 = Debug|Any CPU
		{C2A22A02-000B-4A0E-B0AC-0E1A7E1A001A}.Debug|x86.ActiveCfg = Debug|Any CPU
		{C2A22A02-000B-4A0E-B0AC-0E1A7E1A001A}.Debug|x86.Build.0 = Debug|Any CPU
		{C2A22A02-000B-4A0E-B0AC-0E1A7E1A001A}.Release|Any CPU.ActiveCfg = Release|Any CPU
		{C2A22A02-000B-4A0E-B0AC-0E1A7E1A001A}.Release|Any CPU.Build.0 = Release|Any CPU
		{C2A22A02-000B-4A0E-B0AC-0E1A7E1A001A}.Release|x64.ActiveCfg = Release|Any CPU
		{C2A22A02-000B-4A0E-B0AC-0E1A7E1A001A}.Release|x64.Build.0 = Release|Any CPU
		{C2A22A02-000B-4A0E-B0AC-0E1A7E1A001A}.Release|x86.ActiveCfg = Release|Any CPU
		{C2A22A02-000B-4A0E-B0AC-0E1A7E1A001A}.Release|x86.Build.0 = Release|Any CPU
		{C2A22A02-000C-4A0E-B0AC-0E1A7E1A001B}.Debug|Any CPU.ActiveCfg = Debug|Any CPU
		{C2A22A02-000C-4A0E-B0AC-0E1A7E1A001B}.Debug|Any CPU.Build.0 = Debug|Any CPU
		{C2A22A02-000C-4A0E-B0AC-0E1A7E1A001B}.Debug|x64.ActiveCfg = Debug|Any CPU
		{C2A22A02-000C-4A0E-B0AC-0E1A7E1A001B}.Debug|x64.Build.0 = Debug|Any CPU
		{C2A22A02-000C-4A0E-B0AC-0E1A7E1A001B}.Debug|x86.ActiveCfg = Debug|Any CPU
		{C2A22A02-000C-4A0E-B0AC-0E1A7E1A001B}.Debug|x86.Build.0 = Debug|Any CPU
		{C2A22A02-000C-4A0E-B0AC-0E1A7E1A001B}.Release|Any CPU.ActiveCfg = Release|Any CPU
		{C2A22A02-000C-4A0E-B0AC-0E1A7E1A001B}.Release|Any CPU.Build.0 = Release|Any CPU
		{C2A22A02-000C-4A0E-B0AC-0E1A7E1A001B}.Release|x64.ActiveCfg = Release|Any CPU
		{C2A22A02-000C-4A0E-B0AC-0E1A7E1A001B}.Release|x64.Build.0 = Release|Any CPU
		{C2A22A02-000C-4A0E-B0AC-0E1A7E1A001B}.Release|x86.ActiveCfg = Release|Any CPU
		{C2A22A02-000C-4A0E-B0AC-0E1A7E1A001B}.Release|x86.Build.0 = Release|Any CPU
		{C2A22A02-000D-4A0E-B0AC-0E1A7E1A001C}.Debug|Any CPU.ActiveCfg = Debug|Any CPU
		{C2A22A02-000D-4A0E-B0AC-0E1A7E1A001C}.Debug|Any CPU.Build.0 = Debug|Any CPU
		{C2A22A02-000D-4A0E-B0AC-0E1A7E1A001C}.Debug|x64.ActiveCfg = Debug|Any CPU
		{C2A22A02-000D-4A0E-B0AC-0E1A7E1A001C}.Debug|x64.Build.0 = Debug|Any CPU
		{C2A22A02-000D-4A0E-B0AC-0E1A7E1A001C}.Debug|x86.ActiveCfg = Debug|Any CPU
		{C2A22A02-000D-4A0E-B0AC-0E1A7E1A001C}.Debug|x86.Build.0 = Debug|Any CPU
		{C2A22A02-000D-4A0E-B0AC-0E1A7E1A001C}.Release|Any CPU.ActiveCfg = Release|Any CPU
		{C2A22A02-000D-4A0E-B0AC-0E1A7E1A001C}.Release|Any CPU.Build.0 = Release|Any CPU
		{C2A22A02-000D-4A0E-B0AC-0E1A7E1A001C}.Release|x64.ActiveCfg = Release|Any CPU
		{C2A22A02-000D-4A0E-B0AC-0E1A7E1A001C}.Release|x64.Build.0 = Release|Any CPU
		{C2A22A02-000D-4A0E-B0AC-0E1A7E1A001C}.Release|x86.ActiveCfg = Release|Any CPU
		{C2A22A02-000D-4A0E-B0AC-0E1A7E1A001C}.Release|x86.Build.0 = Release|Any CPU
		{816F75C5-73CC-4045-A4EF-00D55A3C8C11}.Debug|Any CPU.ActiveCfg = Debug|Any CPU
		{816F75C5-73CC-4045-A4EF-00D55A3C8C11}.Debug|Any CPU.Build.0 = Debug|Any CPU
		{816F75C5-73CC-4045-A4EF-00D55A3C8C11}.Debug|x64.ActiveCfg = Debug|Any CPU
		{816F75C5-73CC-4045-A4EF-00D55A3C8C11}.Debug|x64.Build.0 = Debug|Any CPU
		{816F75C5-73CC-4045-A4EF-00D55A3C8C11}.Debug|x86.ActiveCfg = Debug|Any CPU
		{816F75C5-73CC-4045-A4EF-00D55A3C8C11}.Debug|x86.Build.0 = Debug|Any CPU
		{816F75C5-73CC-4045-A4EF-00D55A3C8C11}.Release|Any CPU.ActiveCfg = Release|Any CPU
		{816F75C5-73CC-4045-A4EF-00D55A3C8C11}.Release|Any CPU.Build.0 = Release|Any CPU
		{816F75C5-73CC-4045-A4EF-00D55A3C8C11}.Release|x64.ActiveCfg = Release|Any CPU
		{816F75C5-73CC-4045-A4EF-00D55A3C8C11}.Release|x64.Build.0 = Release|Any CPU
		{816F75C5-73CC-4045-A4EF-00D55A3C8C11}.Release|x86.ActiveCfg = Release|Any CPU
		{816F75C5-73CC-4045-A4EF-00D55A3C8C11}.Release|x86.Build.0 = Release|Any CPU
		{95224B46-AFB4-4647-B39A-68C8F16C0BBB}.Debug|Any CPU.ActiveCfg = Debug|Any CPU
		{95224B46-AFB4-4647-B39A-68C8F16C0BBB}.Debug|Any CPU.Build.0 = Debug|Any CPU
		{95224B46-AFB4-4647-B39A-68C8F16C0BBB}.Debug|x64.ActiveCfg = Debug|Any CPU
		{95224B46-AFB4-4647-B39A-68C8F16C0BBB}.Debug|x64.Build.0 = Debug|Any CPU
		{95224B46-AFB4-4647-B39A-68C8F16C0BBB}.Debug|x86.ActiveCfg = Debug|Any CPU
		{95224B46-AFB4-4647-B39A-68C8F16C0BBB}.Debug|x86.Build.0 = Debug|Any CPU
		{95224B46-AFB4-4647-B39A-68C8F16C0BBB}.Release|Any CPU.ActiveCfg = Release|Any CPU
		{95224B46-AFB4-4647-B39A-68C8F16C0BBB}.Release|Any CPU.Build.0 = Release|Any CPU
		{95224B46-AFB4-4647-B39A-68C8F16C0BBB}.Release|x64.ActiveCfg = Release|Any CPU
		{95224B46-AFB4-4647-B39A-68C8F16C0BBB}.Release|x64.Build.0 = Release|Any CPU
		{95224B46-AFB4-4647-B39A-68C8F16C0BBB}.Release|x86.ActiveCfg = Release|Any CPU
		{95224B46-AFB4-4647-B39A-68C8F16C0BBB}.Release|x86.Build.0 = Release|Any CPU
		{05E8D704-969D-440C-8F9B-52A527D0ED04}.Debug|Any CPU.ActiveCfg = Debug|Any CPU
		{05E8D704-969D-440C-8F9B-52A527D0ED04}.Debug|Any CPU.Build.0 = Debug|Any CPU
		{05E8D704-969D-440C-8F9B-52A527D0ED04}.Debug|x64.ActiveCfg = Debug|Any CPU
		{05E8D704-969D-440C-8F9B-52A527D0ED04}.Debug|x64.Build.0 = Debug|Any CPU
		{05E8D704-969D-440C-8F9B-52A527D0ED04}.Debug|x86.ActiveCfg = Debug|Any CPU
		{05E8D704-969D-440C-8F9B-52A527D0ED04}.Debug|x86.Build.0 = Debug|Any CPU
		{05E8D704-969D-440C-8F9B-52A527D0ED04}.Release|Any CPU.ActiveCfg = Release|Any CPU
		{05E8D704-969D-440C-8F9B-52A527D0ED04}.Release|Any CPU.Build.0 = Release|Any CPU
		{05E8D704-969D-440C-8F9B-52A527D0ED04}.Release|x64.ActiveCfg = Release|Any CPU
		{05E8D704-969D-440C-8F9B-52A527D0ED04}.Release|x64.Build.0 = Release|Any CPU
		{05E8D704-969D-440C-8F9B-52A527D0ED04}.Release|x86.ActiveCfg = Release|Any CPU
		{05E8D704-969D-440C-8F9B-52A527D0ED04}.Release|x86.Build.0 = Release|Any CPU
		{9D4A6F38-AC6D-4CAA-8ADC-4142D8BB1868}.Debug|Any CPU.ActiveCfg = Debug|Any CPU
		{9D4A6F38-AC6D-4CAA-8ADC-4142D8BB1868}.Debug|Any CPU.Build.0 = Debug|Any CPU
		{9D4A6F38-AC6D-4CAA-8ADC-4142D8BB1868}.Debug|x64.ActiveCfg = Debug|Any CPU
		{9D4A6F38-AC6D-4CAA-8ADC-4142D8BB1868}.Debug|x64.Build.0 = Debug|Any CPU
		{9D4A6F38-AC6D-4CAA-8ADC-4142D8BB1868}.Debug|x86.ActiveCfg = Debug|Any CPU
		{9D4A6F38-AC6D-4CAA-8ADC-4142D8BB1868}.Debug|x86.Build.0 = Debug|Any CPU
		{9D4A6F38-AC6D-4CAA-8ADC-4142D8BB1868}.Release|Any CPU.ActiveCfg = Release|Any CPU
		{9D4A6F38-AC6D-4CAA-8ADC-4142D8BB1868}.Release|Any CPU.Build.0 = Release|Any CPU
		{9D4A6F38-AC6D-4CAA-8ADC-4142D8BB1868}.Release|x64.ActiveCfg = Release|Any CPU
		{9D4A6F38-AC6D-4CAA-8ADC-4142D8BB1868}.Release|x64.Build.0 = Release|Any CPU
		{9D4A6F38-AC6D-4CAA-8ADC-4142D8BB1868}.Release|x86.ActiveCfg = Release|Any CPU
		{9D4A6F38-AC6D-4CAA-8ADC-4142D8BB1868}.Release|x86.Build.0 = Release|Any CPU
		{B1A11A01-0001-4A0E-B0AC-0E1A7E1A0001}.Debug|Any CPU.ActiveCfg = Debug|Any CPU
		{B1A11A01-0001-4A0E-B0AC-0E1A7E1A0001}.Debug|Any CPU.Build.0 = Debug|Any CPU
		{B1A11A01-0001-4A0E-B0AC-0E1A7E1A0001}.Debug|x64.ActiveCfg = Debug|Any CPU
		{B1A11A01-0001-4A0E-B0AC-0E1A7E1A0001}.Debug|x64.Build.0 = Debug|Any CPU
		{B1A11A01-0001-4A0E-B0AC-0E1A7E1A0001}.Debug|x86.ActiveCfg = Debug|Any CPU
		{B1A11A01-0001-4A0E-B0AC-0E1A7E1A0001}.Debug|x86.Build.0 = Debug|Any CPU
		{B1A11A01-0001-4A0E-B0AC-0E1A7E1A0001}.Release|Any CPU.ActiveCfg = Release|Any CPU
		{B1A11A01-0001-4A0E-B0AC-0E1A7E1A0001}.Release|Any CPU.Build.0 = Release|Any CPU
		{B1A11A01-0001-4A0E-B0AC-0E1A7E1A0001}.Release|x64.ActiveCfg = Release|Any CPU
		{B1A11A01-0001-4A0E-B0AC-0E1A7E1A0001}.Release|x64.Build.0 = Release|Any CPU
		{B1A11A01-0001-4A0E-B0AC-0E1A7E1A0001}.Release|x86.ActiveCfg = Release|Any CPU
		{B1A11A01-0001-4A0E-B0AC-0E1A7E1A0001}.Release|x86.Build.0 = Release|Any CPU
		{B1A11A01-0002-4A0E-B0AC-0E1A7E1A0002}.Debug|Any CPU.ActiveCfg = Debug|Any CPU
		{B1A11A01-0002-4A0E-B0AC-0E1A7E1A0002}.Debug|Any CPU.Build.0 = Debug|Any CPU
		{B1A11A01-0002-4A0E-B0AC-0E1A7E1A0002}.Debug|x64.ActiveCfg = Debug|Any CPU
		{B1A11A01-0002-4A0E-B0AC-0E1A7E1A0002}.Debug|x64.Build.0 = Debug|Any CPU
		{B1A11A01-0002-4A0E-B0AC-0E1A7E1A0002}.Debug|x86.ActiveCfg = Debug|Any CPU
		{B1A11A01-0002-4A0E-B0AC-0E1A7E1A0002}.Debug|x86.Build.0 = Debug|Any CPU
		{B1A11A01-0002-4A0E-B0AC-0E1A7E1A0002}.Release|Any CPU.ActiveCfg = Release|Any CPU
		{B1A11A01-0002-4A0E-B0AC-0E1A7E1A0002}.Release|Any CPU.Build.0 = Release|Any CPU
		{B1A11A01-0002-4A0E-B0AC-0E1A7E1A0002}.Release|x64.ActiveCfg = Release|Any CPU
		{B1A11A01-0002-4A0E-B0AC-0E1A7E1A0002}.Release|x64.Build.0 = Release|Any CPU
		{B1A11A01-0002-4A0E-B0AC-0E1A7E1A0002}.Release|x86.ActiveCfg = Release|Any CPU
		{B1A11A01-0002-4A0E-B0AC-0E1A7E1A0002}.Release|x86.Build.0 = Release|Any CPU
		{B1A11A01-0003-4A0E-B0AC-0E1A7E1A0003}.Debug|Any CPU.ActiveCfg = Debug|Any CPU
		{B1A11A01-0003-4A0E-B0AC-0E1A7E1A0003}.Debug|Any CPU.Build.0 = Debug|Any CPU
		{B1A11A01-0003-4A0E-B0AC-0E1A7E1A0003}.Debug|x64.ActiveCfg = Debug|Any CPU
		{B1A11A01-0003-4A0E-B0AC-0E1A7E1A0003}.Debug|x64.Build.0 = Debug|Any CPU
		{B1A11A01-0003-4A0E-B0AC-0E1A7E1A0003}.Debug|x86.ActiveCfg = Debug|Any CPU
		{B1A11A01-0003-4A0E-B0AC-0E1A7E1A0003}.Debug|x86.Build.0 = Debug|Any CPU
		{B1A11A01-0003-4A0E-B0AC-0E1A7E1A0003}.Release|Any CPU.ActiveCfg = Release|Any CPU
		{B1A11A01-0003-4A0E-B0AC-0E1A7E1A0003}.Release|Any CPU.Build.0 = Release|Any CPU
		{B1A11A01-0003-4A0E-B0AC-0E1A7E1A0003}.Release|x64.ActiveCfg = Release|Any CPU
		{B1A11A01-0003-4A0E-B0AC-0E1A7E1A0003}.Release|x64.Build.0 = Release|Any CPU
		{B1A11A01-0003-4A0E-B0AC-0E1A7E1A0003}.Release|x86.ActiveCfg = Release|Any CPU
		{B1A11A01-0003-4A0E-B0AC-0E1A7E1A0003}.Release|x86.Build.0 = Release|Any CPU
		{4C7B4EE6-E602-48FC-9B52-376520BB7C19}.Debug|Any CPU.ActiveCfg = Debug|Any CPU
		{4C7B4EE6-E602-48FC-9B52-376520BB7C19}.Debug|Any CPU.Build.0 = Debug|Any CPU
		{4C7B4EE6-E602-48FC-9B52-376520BB7C19}.Debug|x64.ActiveCfg = Debug|Any CPU
		{4C7B4EE6-E602-48FC-9B52-376520BB7C19}.Debug|x64.Build.0 = Debug|Any CPU
		{4C7B4EE6-E602-48FC-9B52-376520BB7C19}.Debug|x86.ActiveCfg = Debug|Any CPU
		{4C7B4EE6-E602-48FC-9B52-376520BB7C19}.Debug|x86.Build.0 = Debug|Any CPU
		{4C7B4EE6-E602-48FC-9B52-376520BB7C19}.Release|Any CPU.ActiveCfg = Release|Any CPU
		{4C7B4EE6-E602-48FC-9B52-376520BB7C19}.Release|Any CPU.Build.0 = Release|Any CPU
		{4C7B4EE6-E602-48FC-9B52-376520BB7C19}.Release|x64.ActiveCfg = Release|Any CPU
		{4C7B4EE6-E602-48FC-9B52-376520BB7C19}.Release|x64.Build.0 = Release|Any CPU
		{4C7B4EE6-E602-48FC-9B52-376520BB7C19}.Release|x86.ActiveCfg = Release|Any CPU
		{4C7B4EE6-E602-48FC-9B52-376520BB7C19}.Release|x86.Build.0 = Release|Any CPU
		{2340C989-06AE-483C-ABC3-DA5D08F662A0}.Debug|Any CPU.ActiveCfg = Debug|Any CPU
		{2340C989-06AE-483C-ABC3-DA5D08F662A0}.Debug|Any CPU.Build.0 = Debug|Any CPU
		{2340C989-06AE-483C-ABC3-DA5D08F662A0}.Debug|x64.ActiveCfg = Debug|Any CPU
		{2340C989-06AE-483C-ABC3-DA5D08F662A0}.Debug|x64.Build.0 = Debug|Any CPU
		{2340C989-06AE-483C-ABC3-DA5D08F662A0}.Debug|x86.ActiveCfg = Debug|Any CPU
		{2340C989-06AE-483C-ABC3-DA5D08F662A0}.Debug|x86.Build.0 = Debug|Any CPU
		{2340C989-06AE-483C-ABC3-DA5D08F662A0}.Release|Any CPU.ActiveCfg = Release|Any CPU
		{2340C989-06AE-483C-ABC3-DA5D08F662A0}.Release|Any CPU.Build.0 = Release|Any CPU
		{2340C989-06AE-483C-ABC3-DA5D08F662A0}.Release|x64.ActiveCfg = Release|Any CPU
		{2340C989-06AE-483C-ABC3-DA5D08F662A0}.Release|x64.Build.0 = Release|Any CPU
		{2340C989-06AE-483C-ABC3-DA5D08F662A0}.Release|x86.ActiveCfg = Release|Any CPU
		{2340C989-06AE-483C-ABC3-DA5D08F662A0}.Release|x86.Build.0 = Release|Any CPU
		{CD2C7939-F8B4-41D7-B8AC-D6D4CF1FA568}.Debug|Any CPU.ActiveCfg = Debug|Any CPU
		{CD2C7939-F8B4-41D7-B8AC-D6D4CF1FA568}.Debug|Any CPU.Build.0 = Debug|Any CPU
		{CD2C7939-F8B4-41D7-B8AC-D6D4CF1FA568}.Debug|x64.ActiveCfg = Debug|Any CPU
		{CD2C7939-F8B4-41D7-B8AC-D6D4CF1FA568}.Debug|x64.Build.0 = Debug|Any CPU
		{CD2C7939-F8B4-41D7-B8AC-D6D4CF1FA568}.Debug|x86.ActiveCfg = Debug|Any CPU
		{CD2C7939-F8B4-41D7-B8AC-D6D4CF1FA568}.Debug|x86.Build.0 = Debug|Any CPU
		{CD2C7939-F8B4-41D7-B8AC-D6D4CF1FA568}.Release|Any CPU.ActiveCfg = Release|Any CPU
		{CD2C7939-F8B4-41D7-B8AC-D6D4CF1FA568}.Release|Any CPU.Build.0 = Release|Any CPU
		{CD2C7939-F8B4-41D7-B8AC-D6D4CF1FA568}.Release|x64.ActiveCfg = Release|Any CPU
		{CD2C7939-F8B4-41D7-B8AC-D6D4CF1FA568}.Release|x64.Build.0 = Release|Any CPU
		{CD2C7939-F8B4-41D7-B8AC-D6D4CF1FA568}.Release|x86.ActiveCfg = Release|Any CPU
		{CD2C7939-F8B4-41D7-B8AC-D6D4CF1FA568}.Release|x86.Build.0 = Release|Any CPU
		{B33AA237-ACC8-460A-919D-F468450B0B3D}.Debug|Any CPU.ActiveCfg = Debug|Any CPU
		{B33AA237-ACC8-460A-919D-F468450B0B3D}.Debug|Any CPU.Build.0 = Debug|Any CPU
		{B33AA237-ACC8-460A-919D-F468450B0B3D}.Debug|x64.ActiveCfg = Debug|Any CPU
		{B33AA237-ACC8-460A-919D-F468450B0B3D}.Debug|x64.Build.0 = Debug|Any CPU
		{B33AA237-ACC8-460A-919D-F468450B0B3D}.Debug|x86.ActiveCfg = Debug|Any CPU
		{B33AA237-ACC8-460A-919D-F468450B0B3D}.Debug|x86.Build.0 = Debug|Any CPU
		{B33AA237-ACC8-460A-919D-F468450B0B3D}.Release|Any CPU.ActiveCfg = Release|Any CPU
		{B33AA237-ACC8-460A-919D-F468450B0B3D}.Release|Any CPU.Build.0 = Release|Any CPU
		{B33AA237-ACC8-460A-919D-F468450B0B3D}.Release|x64.ActiveCfg = Release|Any CPU
		{B33AA237-ACC8-460A-919D-F468450B0B3D}.Release|x64.Build.0 = Release|Any CPU
		{B33AA237-ACC8-460A-919D-F468450B0B3D}.Release|x86.ActiveCfg = Release|Any CPU
		{B33AA237-ACC8-460A-919D-F468450B0B3D}.Release|x86.Build.0 = Release|Any CPU
		{FAEA76C8-F03F-4519-9FD8-39E3A94D15FF}.Debug|Any CPU.ActiveCfg = Debug|Any CPU
		{FAEA76C8-F03F-4519-9FD8-39E3A94D15FF}.Debug|Any CPU.Build.0 = Debug|Any CPU
		{FAEA76C8-F03F-4519-9FD8-39E3A94D15FF}.Debug|x64.ActiveCfg = Debug|Any CPU
		{FAEA76C8-F03F-4519-9FD8-39E3A94D15FF}.Debug|x64.Build.0 = Debug|Any CPU
		{FAEA76C8-F03F-4519-9FD8-39E3A94D15FF}.Debug|x86.ActiveCfg = Debug|Any CPU
		{FAEA76C8-F03F-4519-9FD8-39E3A94D15FF}.Debug|x86.Build.0 = Debug|Any CPU
		{FAEA76C8-F03F-4519-9FD8-39E3A94D15FF}.Release|Any CPU.ActiveCfg = Release|Any CPU
		{FAEA76C8-F03F-4519-9FD8-39E3A94D15FF}.Release|Any CPU.Build.0 = Release|Any CPU
		{FAEA76C8-F03F-4519-9FD8-39E3A94D15FF}.Release|x64.ActiveCfg = Release|Any CPU
		{FAEA76C8-F03F-4519-9FD8-39E3A94D15FF}.Release|x64.Build.0 = Release|Any CPU
		{FAEA76C8-F03F-4519-9FD8-39E3A94D15FF}.Release|x86.ActiveCfg = Release|Any CPU
		{FAEA76C8-F03F-4519-9FD8-39E3A94D15FF}.Release|x86.Build.0 = Release|Any CPU
	EndGlobalSection
	GlobalSection(SolutionProperties) = preSolution
		HideSolutionNode = FALSE
	EndGlobalSection
	GlobalSection(NestedProjects) = preSolution
		{4C7B4EE6-E602-48FC-9B52-376520BB7C19} = {0AB3BF05-4346-4AA6-1389-037BE0695223}
		{2ECFDF4D-D2A0-78FA-9181-6199339A7BD6} = {827E0CD3-B72D-47B6-A68D-7590B98EB39B}
		{2340C989-06AE-483C-ABC3-DA5D08F662A0} = {2ECFDF4D-D2A0-78FA-9181-6199339A7BD6}
		{C8E42992-5E42-0C2B-DBFE-AA848D06431C} = {827E0CD3-B72D-47B6-A68D-7590B98EB39B}
		{CD2C7939-F8B4-41D7-B8AC-D6D4CF1FA568} = {2ECFDF4D-D2A0-78FA-9181-6199339A7BD6}
		{B33AA237-ACC8-460A-919D-F468450B0B3D} = {2ECFDF4D-D2A0-78FA-9181-6199339A7BD6}
		{FAEA76C8-F03F-4519-9FD8-39E3A94D15FF} = {2ECFDF4D-D2A0-78FA-9181-6199339A7BD6}
	EndGlobalSection
EndGlobal
