
Microsoft Visual Studio Solution File, Format Version 12.00
Project("{FAE04EC0-301F-11D3-BF4B-00C04F79EFBC}") = "Turboapi-auth", "Turboapi-auth\Turboapi-auth.csproj", "{3AA6D570-6A96-4E9B-8B9F-5690F23F5B40}"
EndProject
Project("{FAE04EC0-301F-11D3-BF4B-00C04F79EFBC}") = "Turbo.Messaging.Abstractions", "src\Shared\Turbo.Messaging.Abstractions\Turbo.Messaging.Abstractions.csproj", "{C2A22A02-0001-4A0E-B0AC-0E1A7E1A0010}"
EndProject
Project("{FAE04EC0-301F-11D3-BF4B-00C04F79EFBC}") = "Turbo.Outbox.Abstractions", "src\Shared\Turbo.Outbox.Abstractions\Turbo.Outbox.Abstractions.csproj", "{C2A22A02-0002-4A0E-B0AC-0E1A7E1A0011}"
EndProject
Project("{FAE04EC0-301F-11D3-BF4B-00C04F79EFBC}") = "Turbo.Outbox.Postgres", "src\Shared\Turbo.Outbox.Postgres\Turbo.Outbox.Postgres.csproj", "{C2A22A02-0003-4A0E-B0AC-0E1A7E1A0012}"
EndProject
Project("{FAE04EC0-301F-11D3-BF4B-00C04F79EFBC}") = "Turbo.Messaging.Nats", "src\Shared\Turbo.Messaging.Nats\Turbo.Messaging.Nats.csproj", "{C2A22A02-0004-4A0E-B0AC-0E1A7E1A0013}"
EndProject
Project("{FAE04EC0-301F-11D3-BF4B-00C04F79EFBC}") = "Turbo.Messaging.InProcess", "src\Shared\Turbo.Messaging.InProcess\Turbo.Messaging.InProcess.csproj", "{C2A22A02-0005-4A0E-B0AC-0E1A7E1A0014}"
EndProject
Project("{FAE04EC0-301F-11D3-BF4B-00C04F79EFBC}") = "Turbo.Host.Modulith", "hosts\Turbo.Host.Modulith\Turbo.Host.Modulith.csproj", "{C2A22A02-0006-4A0E-B0AC-0E1A7E1A0015}"
EndProject
Project("{FAE04EC0-301F-11D3-BF4B-00C04F79EFBC}") = "Turbo.Modulith.Behaviour", "tests\Turbo.Modulith.Behaviour\Turbo.Modulith.Behaviour.csproj", "{C2A22A02-0007-4A0E-B0AC-0E1A7E1A0016}"
EndProject
Project("{2150E333-8FDC-42A3-9474-1A3956D46DE8}") = "Solution Items", "Solution Items", "{0F2A4886-38D7-415C-B877-27D4370D59E1}"
	ProjectSection(SolutionItems) = preProject
		compose.yaml = compose.yaml
		compose.monitoring.yaml = compose.monitoring.yaml
	EndProjectSection
EndProject
Project("{FAE04EC0-301F-11D3-BF4B-00C04F79EFBC}") = "Turboapi-geo", "Turboapi-geo\Turboapi-geo.csproj", "{816F75C5-73CC-4045-A4EF-00D55A3C8C11}"
EndProject
Project("{FAE04EC0-301F-11D3-BF4B-00C04F79EFBC}") = "Turboapi-activity", "Turboapi-activity\Turboapi-activity.csproj", "{F73227A4-B29F-4189-A805-3D5EE840D742}"
EndProject
Project("{FAE04EC0-301F-11D3-BF4B-00C04F79EFBC}") = "Turbo-event", "Turbo-event\Turbo-event.csproj", "{7B03E88A-271C-40BD-AE4E-DCC664E0082A}"
EndProject
Project("{FAE04EC0-301F-11D3-BF4B-00C04F79EFBC}") = "Turbo-pg-data", "Turbo-pg-data\Turbo-pg-data.csproj", "{95224B46-AFB4-4647-B39A-68C8F16C0BBB}"
EndProject
Project("{FAE04EC0-301F-11D3-BF4B-00C04F79EFBC}") = "Turboapi-gateway", "Turboapi-gateway\Turboapi-gateway.csproj", "{05E8D704-969D-440C-8F9B-52A527D0ED04}"
EndProject
Project("{FAE04EC0-301F-11D3-BF4B-00C04F79EFBC}") = "TurboAuthentication", "TurboAuthentication\TurboAuthentication.csproj", "{9D4A6F38-AC6D-4CAA-8ADC-4142D8BB1868}"
EndProject
Project("{FAE04EC0-301F-11D3-BF4B-00C04F79EFBC}") = "Turbo.Activity.Behaviour", "tests\Turbo.Activity.Behaviour\Turbo.Activity.Behaviour.csproj", "{B1A11A01-0001-4A0E-B0AC-0E1A7E1A0001}"
EndProject
Project("{FAE04EC0-301F-11D3-BF4B-00C04F79EFBC}") = "Turbo.Auth.Behaviour", "tests\Turbo.Auth.Behaviour\Turbo.Auth.Behaviour.csproj", "{B1A11A01-0002-4A0E-B0AC-0E1A7E1A0002}"
EndProject
Project("{FAE04EC0-301F-11D3-BF4B-00C04F79EFBC}") = "Turbo.Geo.Behaviour", "tests\Turbo.Geo.Behaviour\Turbo.Geo.Behaviour.csproj", "{B1A11A01-0003-4A0E-B0AC-0E1A7E1A0003}"
EndProject
Global
	GlobalSection(SolutionConfigurationPlatforms) = preSolution
		Debug|Any CPU = Debug|Any CPU
		Release|Any CPU = Release|Any CPU
	EndGlobalSection
	GlobalSection(ProjectConfigurationPlatforms) = postSolution
		{3AA6D570-6A96-4E9B-8B9F-5690F23F5B40}.Debug|Any CPU.ActiveCfg = Debug|Any CPU
		{3AA6D570-6A96-4E9B-8B9F-5690F23F5B40}.Debug|Any CPU.Build.0 = Debug|Any CPU
		{3AA6D570-6A96-4E9B-8B9F-5690F23F5B40}.Release|Any CPU.ActiveCfg = Release|Any CPU
		{3AA6D570-6A96-4E9B-8B9F-5690F23F5B40}.Release|Any CPU.Build.0 = Release|Any CPU
		{C2A22A02-0001-4A0E-B0AC-0E1A7E1A0010}.Debug|Any CPU.ActiveCfg = Debug|Any CPU
		{C2A22A02-0001-4A0E-B0AC-0E1A7E1A0010}.Debug|Any CPU.Build.0 = Debug|Any CPU
		{C2A22A02-0001-4A0E-B0AC-0E1A7E1A0010}.Release|Any CPU.ActiveCfg = Release|Any CPU
		{C2A22A02-0001-4A0E-B0AC-0E1A7E1A0010}.Release|Any CPU.Build.0 = Release|Any CPU
		{C2A22A02-0002-4A0E-B0AC-0E1A7E1A0011}.Debug|Any CPU.ActiveCfg = Debug|Any CPU
		{C2A22A02-0002-4A0E-B0AC-0E1A7E1A0011}.Debug|Any CPU.Build.0 = Debug|Any CPU
		{C2A22A02-0002-4A0E-B0AC-0E1A7E1A0011}.Release|Any CPU.ActiveCfg = Release|Any CPU
		{C2A22A02-0002-4A0E-B0AC-0E1A7E1A0011}.Release|Any CPU.Build.0 = Release|Any CPU
		{C2A22A02-0003-4A0E-B0AC-0E1A7E1A0012}.Debug|Any CPU.ActiveCfg = Debug|Any CPU
		{C2A22A02-0003-4A0E-B0AC-0E1A7E1A0012}.Debug|Any CPU.Build.0 = Debug|Any CPU
		{C2A22A02-0003-4A0E-B0AC-0E1A7E1A0012}.Release|Any CPU.ActiveCfg = Release|Any CPU
		{C2A22A02-0003-4A0E-B0AC-0E1A7E1A0012}.Release|Any CPU.Build.0 = Release|Any CPU
		{C2A22A02-0004-4A0E-B0AC-0E1A7E1A0013}.Debug|Any CPU.ActiveCfg = Debug|Any CPU
		{C2A22A02-0004-4A0E-B0AC-0E1A7E1A0013}.Debug|Any CPU.Build.0 = Debug|Any CPU
		{C2A22A02-0004-4A0E-B0AC-0E1A7E1A0013}.Release|Any CPU.ActiveCfg = Release|Any CPU
		{C2A22A02-0004-4A0E-B0AC-0E1A7E1A0013}.Release|Any CPU.Build.0 = Release|Any CPU
		{C2A22A02-0005-4A0E-B0AC-0E1A7E1A0014}.Debug|Any CPU.ActiveCfg = Debug|Any CPU
		{C2A22A02-0005-4A0E-B0AC-0E1A7E1A0014}.Debug|Any CPU.Build.0 = Debug|Any CPU
		{C2A22A02-0005-4A0E-B0AC-0E1A7E1A0014}.Release|Any CPU.ActiveCfg = Release|Any CPU
		{C2A22A02-0005-4A0E-B0AC-0E1A7E1A0014}.Release|Any CPU.Build.0 = Release|Any CPU
		{C2A22A02-0006-4A0E-B0AC-0E1A7E1A0015}.Debug|Any CPU.ActiveCfg = Debug|Any CPU
		{C2A22A02-0006-4A0E-B0AC-0E1A7E1A0015}.Debug|Any CPU.Build.0 = Debug|Any CPU
		{C2A22A02-0006-4A0E-B0AC-0E1A7E1A0015}.Release|Any CPU.ActiveCfg = Release|Any CPU
		{C2A22A02-0006-4A0E-B0AC-0E1A7E1A0015}.Release|Any CPU.Build.0 = Release|Any CPU
		{C2A22A02-0007-4A0E-B0AC-0E1A7E1A0016}.Debug|Any CPU.ActiveCfg = Debug|Any CPU
		{C2A22A02-0007-4A0E-B0AC-0E1A7E1A0016}.Debug|Any CPU.Build.0 = Debug|Any CPU
		{C2A22A02-0007-4A0E-B0AC-0E1A7E1A0016}.Release|Any CPU.ActiveCfg = Release|Any CPU
		{C2A22A02-0007-4A0E-B0AC-0E1A7E1A0016}.Release|Any CPU.Build.0 = Release|Any CPU
		{816F75C5-73CC-4045-A4EF-00D55A3C8C11}.Debug|Any CPU.ActiveCfg = Debug|Any CPU
		{816F75C5-73CC-4045-A4EF-00D55A3C8C11}.Debug|Any CPU.Build.0 = Debug|Any CPU
		{816F75C5-73CC-4045-A4EF-00D55A3C8C11}.Release|Any CPU.ActiveCfg = Release|Any CPU
		{816F75C5-73CC-4045-A4EF-00D55A3C8C11}.Release|Any CPU.Build.0 = Release|Any CPU
		{F73227A4-B29F-4189-A805-3D5EE840D742}.Debug|Any CPU.ActiveCfg = Debug|Any CPU
		{F73227A4-B29F-4189-A805-3D5EE840D742}.Debug|Any CPU.Build.0 = Debug|Any CPU
		{F73227A4-B29F-4189-A805-3D5EE840D742}.Release|Any CPU.ActiveCfg = Release|Any CPU
		{F73227A4-B29F-4189-A805-3D5EE840D742}.Release|Any CPU.Build.0 = Release|Any CPU
		{7B03E88A-271C-40BD-AE4E-DCC664E0082A}.Debug|Any CPU.ActiveCfg = Debug|Any CPU
		{7B03E88A-271C-40BD-AE4E-DCC664E0082A}.Debug|Any CPU.Build.0 = Debug|Any CPU
		{7B03E88A-271C-40BD-AE4E-DCC664E0082A}.Release|Any CPU.ActiveCfg = Release|Any CPU
		{7B03E88A-271C-40BD-AE4E-DCC664E0082A}.Release|Any CPU.Build.0 = Release|Any CPU
		{95224B46-AFB4-4647-B39A-68C8F16C0BBB}.Debug|Any CPU.ActiveCfg = Debug|Any CPU
		{95224B46-AFB4-4647-B39A-68C8F16C0BBB}.Debug|Any CPU.Build.0 = Debug|Any CPU
		{95224B46-AFB4-4647-B39A-68C8F16C0BBB}.Release|Any CPU.ActiveCfg = Release|Any CPU
		{95224B46-AFB4-4647-B39A-68C8F16C0BBB}.Release|Any CPU.Build.0 = Release|Any CPU
		{05E8D704-969D-440C-8F9B-52A527D0ED04}.Debug|Any CPU.ActiveCfg = Debug|Any CPU
		{05E8D704-969D-440C-8F9B-52A527D0ED04}.Debug|Any CPU.Build.0 = Debug|Any CPU
		{05E8D704-969D-440C-8F9B-52A527D0ED04}.Release|Any CPU.ActiveCfg = Release|Any CPU
		{05E8D704-969D-440C-8F9B-52A527D0ED04}.Release|Any CPU.Build.0 = Release|Any CPU
		{9D4A6F38-AC6D-4CAA-8ADC-4142D8BB1868}.Debug|Any CPU.ActiveCfg = Debug|Any CPU
		{9D4A6F38-AC6D-4CAA-8ADC-4142D8BB1868}.Debug|Any CPU.Build.0 = Debug|Any CPU
		{9D4A6F38-AC6D-4CAA-8ADC-4142D8BB1868}.Release|Any CPU.ActiveCfg = Release|Any CPU
		{9D4A6F38-AC6D-4CAA-8ADC-4142D8BB1868}.Release|Any CPU.Build.0 = Release|Any CPU
		{B1A11A01-0001-4A0E-B0AC-0E1A7E1A0001}.Debug|Any CPU.ActiveCfg = Debug|Any CPU
		{B1A11A01-0001-4A0E-B0AC-0E1A7E1A0001}.Debug|Any CPU.Build.0 = Debug|Any CPU
		{B1A11A01-0001-4A0E-B0AC-0E1A7E1A0001}.Release|Any CPU.ActiveCfg = Release|Any CPU
		{B1A11A01-0001-4A0E-B0AC-0E1A7E1A0001}.Release|Any CPU.Build.0 = Release|Any CPU
		{B1A11A01-0002-4A0E-B0AC-0E1A7E1A0002}.Debug|Any CPU.ActiveCfg = Debug|Any CPU
		{B1A11A01-0002-4A0E-B0AC-0E1A7E1A0002}.Debug|Any CPU.Build.0 = Debug|Any CPU
		{B1A11A01-0002-4A0E-B0AC-0E1A7E1A0002}.Release|Any CPU.ActiveCfg = Release|Any CPU
		{B1A11A01-0002-4A0E-B0AC-0E1A7E1A0002}.Release|Any CPU.Build.0 = Release|Any CPU
		{B1A11A01-0003-4A0E-B0AC-0E1A7E1A0003}.Debug|Any CPU.ActiveCfg = Debug|Any CPU
		{B1A11A01-0003-4A0E-B0AC-0E1A7E1A0003}.Debug|Any CPU.Build.0 = Debug|Any CPU
		{B1A11A01-0003-4A0E-B0AC-0E1A7E1A0003}.Release|Any CPU.ActiveCfg = Release|Any CPU
		{B1A11A01-0003-4A0E-B0AC-0E1A7E1A0003}.Release|Any CPU.Build.0 = Release|Any CPU
	EndGlobalSection
EndGlobal
